
Microsoft Visual Studio Solution File, Format Version 12.00
# Visual Studio 15
VisualStudioVersion = 15.0.27703.2026
MinimumVisualStudioVersion = 10.0.40219.1
Project("{888888A0-9F3D-457C-B088-3A5042F75D52}") = "DogBreedApp2", "DogBreedApp2\DogBreedApp2.pyproj", "{DDDCF83D-B680-4A3C-8BD3-E1D6E0DCE367}"
EndProject
Global
	GlobalSection(SolutionConfigurationPlatforms) = preSolution
		Debug|Any CPU = Debug|Any CPU
		Release|Any CPU = Release|Any CPU
	EndGlobalSection
	GlobalSection(ProjectConfigurationPlatforms) = postSolution
		{DDDCF83D-B680-4A3C-8BD3-E1D6E0DCE367}.Debug|Any CPU.ActiveCfg = Debug|Any CPU
		{DDDCF83D-B680-4A3C-8BD3-E1D6E0DCE367}.Debug|Any CPU.Build.0 = Debug|Any CPU
		{DDDCF83D-B680-4A3C-8BD3-E1D6E0DCE367}.Release|Any CPU.ActiveCfg = Release|Any CPU
		{DDDCF83D-B680-4A3C-8BD3-E1D6E0DCE367}.Release|Any CPU.Build.0 = Release|Any CPU
	EndGlobalSection
	GlobalSection(SolutionProperties) = preSolution
		HideSolutionNode = FALSE
	EndGlobalSection
	GlobalSection(ExtensibilityGlobals) = postSolution
		SolutionGuid = {A254C489-30F3-4896-923D-F942D4177516}
	EndGlobalSection
EndGlobal
